
Microsoft Visual Studio Solution File, Format Version 12.00
# Visual Studio Version 16
VisualStudioVersion = 16.0.31321.278
MinimumVisualStudioVersion = 10.0.40219.1
Project("{8BC9CEB8-8B4A-11D0-8D11-00A0C91BC942}") = "ParticleSimulator", "ParticleSimulator\ParticleSimulator.vcxproj", "{71B97C80-F4AA-4F6E-9A6C-91EF960ED595}"
EndProject
Global
	GlobalSection(SolutionConfigurationPlatforms) = preSolution
		Debug|x64 = Debug|x64
		Debug|x86 = Debug|x86
		Release|x64 = Release|x64
		Release|x86 = Release|x86
	EndGlobalSection
	GlobalSection(ProjectConfigurationPlatforms) = postSolution
		{71B97C80-F4AA-4F6E-9A6C-91EF960ED595}.Debug|x64.ActiveCfg = Debug|x64
		{71B97C80-F4AA-4F6E-9A6C-91EF960ED595}.Debug|x64.Build.0 = Debug|x64
		{71B97C80-F4AA-4F6E-9A6C-91EF960ED595}.Debug|x86.ActiveCfg = Debug|Win32
		{71B97C80-F4AA-4F6E-9A6C-91EF960ED595}.Debug|x86.Build.0 = Debug|Win32
		{71B97C80-F4AA-4F6E-9A6C-91EF960ED595}.Release|x64.ActiveCfg = Release|x64
		{71B97C80-F4AA-4F6E-9A6C-91EF960ED595}.Release|x64.Build.0 = Release|x64
		{71B97C80-F4AA-4F6E-9A6C-91EF960ED595}.Release|x86.ActiveCfg = Release|Win32
		{71B97C80-F4AA-4F6E-9A6C-91EF960ED595}.Release|x86.Build.0 = Release|Win32
	EndGlobalSection
	GlobalSection(SolutionProperties) = preSolution
		HideSolutionNode = FALSE
	EndGlobalSection
	GlobalSection(ExtensibilityGlobals) = postSolution
		SolutionGuid = {2127410A-5C95-4F6A-BED0-8E4840339F80}
	EndGlobalSection
EndGlobal
